
Microsoft Visual Studio Solution File, Format Version 12.00
# Visual Studio 15
VisualStudioVersion = 15.0.27428.2037
MinimumVisualStudioVersion = 10.0.40219.1
Project("{8BC9CEB8-8B4A-11D0-8D11-00A0C91BC942}") = "EchoServer", "EchoServer\EchoServer.vcxproj", "{0833677A-B464-47F2-845C-E5765469F90A}"
EndProject
Project("{8BC9CEB8-8B4A-11D0-8D11-00A0C91BC942}") = "EchoClient", "EchoClient\EchoClient.vcxproj", "{C18420B2-989F-418B-BE77-FE5082F8F39E}"
EndProject
Global
	GlobalSection(SolutionConfigurationPlatforms) = preSolution
		Debug|x64 = Debug|x64
		Debug|x86 = Debug|x86
		Release|x64 = Release|x64
		Release|x86 = Release|x86
	EndGlobalSection
	GlobalSection(ProjectConfigurationPlatforms) = postSolution
		{0833677A-B464-47F2-845C-E5765469F90A}.Debug|x64.ActiveCfg = Debug|x64
		{0833677A-B464-47F2-845C-E5765469F90A}.Debug|x64.Build.0 = Debug|x64
		{0833677A-B464-47F2-845C-E5765469F90A}.Debug|x86.ActiveCfg = Debug|Win32
		{0833677A-B464-47F2-845C-E5765469F90A}.Debug|x86.Build.0 = Debug|Win32
		{0833677A-B464-47F2-845C-E5765469F90A}.Release|x64.ActiveCfg = Release|x64
		{0833677A-B464-47F2-845C-E5765469F90A}.Release|x64.Build.0 = Release|x64
		{0833677A-B464-47F2-845C-E5765469F90A}.Release|x86.ActiveCfg = Release|Win32
		{0833677A-B464-47F2-845C-E5765469F90A}.Release|x86.Build.0 = Release|Win32
		{C18420B2-989F-418B-BE77-FE5082F8F39E}.Debug|x64.ActiveCfg = Debug|x64
		{C18420B2-989F-418B-BE77-FE5082F8F39E}.Debug|x64.Build.0 = Debug|x64
		{C18420B2-989F-418B-BE77-FE5082F8F39E}.Debug|x86.ActiveCfg = Debug|Win32
		{C18420B2-989F-418B-BE77-FE5082F8F39E}.Debug|x86.Build.0 = Debug|Win32
		{C18420B2-989F-418B-BE77-FE5082F8F39E}.Release|x64.ActiveCfg = Release|x64
		{C18420B2-989F-418B-BE77-FE5082F8F39E}.Release|x64.Build.0 = Release|x64
		{C18420B2-989F-418B-BE77-FE5082F8F39E}.Release|x86.ActiveCfg = Release|Win32
		{C18420B2-989F-418B-BE77-FE5082F8F39E}.Release|x86.Build.0 = Release|Win32
	EndGlobalSection
	GlobalSection(SolutionProperties) = preSolution
		HideSolutionNode = FALSE
	EndGlobalSection
	GlobalSection(ExtensibilityGlobals) = postSolution
		SolutionGuid = {75FA0A72-1DBE-49D4-A855-61C491324F95}
	EndGlobalSection
EndGlobal
